// !$*UTF8*$!
{
	archiveVersion = 1;
	classes = {
	};
	objectVersion = 46;
	objects = {

/* Begin PBXBuildFile section */
		2985CE8433FA75A4B9AC3FC9 /* Pods_TrackerTests.framework in Frameworks */ = {isa = PBXBuildFile; fileRef = 1E69B58FFA4560EAA52D99D5 /* Pods_TrackerTests.framework */; };
		6A087F33DF0AB6461E6A1A5E /* Pods_Tracker.framework in Frameworks */ = {isa = PBXBuildFile; fileRef = AC3E5200FA9304A4635E9D40 /* Pods_Tracker.framework */; };
		80F8B19B1E02A0030046A705 /* AppDelegate.swift in Sources */ = {isa = PBXBuildFile; fileRef = 80F8B19A1E02A0030046A705 /* AppDelegate.swift */; };
		80F8B19D1E02A0030046A705 /* ViewController.swift in Sources */ = {isa = PBXBuildFile; fileRef = 80F8B19C1E02A0030046A705 /* ViewController.swift */; };
		80F8B1A01E02A0030046A705 /* Main.storyboard in Resources */ = {isa = PBXBuildFile; fileRef = 80F8B19E1E02A0030046A705 /* Main.storyboard */; };
		80F8B1A21E02A0030046A705 /* Assets.xcassets in Resources */ = {isa = PBXBuildFile; fileRef = 80F8B1A11E02A0030046A705 /* Assets.xcassets */; };
		80F8B1A51E02A0030046A705 /* LaunchScreen.storyboard in Resources */ = {isa = PBXBuildFile; fileRef = 80F8B1A31E02A0030046A705 /* LaunchScreen.storyboard */; };
		80F8B1B01E02A0030046A705 /* TrackerTests.swift in Sources */ = {isa = PBXBuildFile; fileRef = 80F8B1AF1E02A0030046A705 /* TrackerTests.swift */; };
/* End PBXBuildFile section */

/* Begin PBXContainerItemProxy section */
		80F8B1AC1E02A0030046A705 /* PBXContainerItemProxy */ = {
			isa = PBXContainerItemProxy;
			containerPortal = 80F8B18F1E02A0030046A705 /* Project object */;
			proxyType = 1;
			remoteGlobalIDString = 80F8B1961E02A0030046A705;
			remoteInfo = Tracker;
		};
/* End PBXContainerItemProxy section */

/* Begin PBXFileReference section */
		0AAD64F58374C5999D24860B /* Pods-Tracker.debug.xcconfig */ = {isa = PBXFileReference; includeInIndex = 1; lastKnownFileType = text.xcconfig; name = "Pods-Tracker.debug.xcconfig"; path = "Pods/Target Support Files/Pods-Tracker/Pods-Tracker.debug.xcconfig"; sourceTree = "<group>"; };
		10427B0471F614AFD6F800B1 /* Pods-Tracker.release.xcconfig */ = {isa = PBXFileReference; includeInIndex = 1; lastKnownFileType = text.xcconfig; name = "Pods-Tracker.release.xcconfig"; path = "Pods/Target Support Files/Pods-Tracker/Pods-Tracker.release.xcconfig"; sourceTree = "<group>"; };
		1E69B58FFA4560EAA52D99D5 /* Pods_TrackerTests.framework */ = {isa = PBXFileReference; explicitFileType = wrapper.framework; includeInIndex = 0; path = Pods_TrackerTests.framework; sourceTree = BUILT_PRODUCTS_DIR; };
		2044F1634A3EC15F3B8BB748 /* Pods-TrackerTests.release.xcconfig */ = {isa = PBXFileReference; includeInIndex = 1; lastKnownFileType = text.xcconfig; name = "Pods-TrackerTests.release.xcconfig"; path = "Pods/Target Support Files/Pods-TrackerTests/Pods-TrackerTests.release.xcconfig"; sourceTree = "<group>"; };
		728C2A3E46F5B9318B0546C5 /* Pods-TrackerTests.debug.xcconfig */ = {isa = PBXFileReference; includeInIndex = 1; lastKnownFileType = text.xcconfig; name = "Pods-TrackerTests.debug.xcconfig"; path = "Pods/Target Support Files/Pods-TrackerTests/Pods-TrackerTests.debug.xcconfig"; sourceTree = "<group>"; };
		80F8B1971E02A0030046A705 /* Tracker.app */ = {isa = PBXFileReference; explicitFileType = wrapper.application; includeInIndex = 0; path = Tracker.app; sourceTree = BUILT_PRODUCTS_DIR; };
		80F8B19A1E02A0030046A705 /* AppDelegate.swift */ = {isa = PBXFileReference; lastKnownFileType = sourcecode.swift; path = AppDelegate.swift; sourceTree = "<group>"; };
		80F8B19C1E02A0030046A705 /* ViewController.swift */ = {isa = PBXFileReference; lastKnownFileType = sourcecode.swift; path = ViewController.swift; sourceTree = "<group>"; };
		80F8B19F1E02A0030046A705 /* Base */ = {isa = PBXFileReference; lastKnownFileType = file.storyboard; name = Base; path = Base.lproj/Main.storyboard; sourceTree = "<group>"; };
		80F8B1A11E02A0030046A705 /* Assets.xcassets */ = {isa = PBXFileReference; lastKnownFileType = folder.assetcatalog; path = Assets.xcassets; sourceTree = "<group>"; };
		80F8B1A41E02A0030046A705 /* Base */ = {isa = PBXFileReference; lastKnownFileType = file.storyboard; name = Base; path = Base.lproj/LaunchScreen.storyboard; sourceTree = "<group>"; };
		80F8B1A61E02A0030046A705 /* Info.plist */ = {isa = PBXFileReference; lastKnownFileType = text.plist.xml; path = Info.plist; sourceTree = "<group>"; };
		80F8B1AB1E02A0030046A705 /* TrackerTests.xctest */ = {isa = PBXFileReference; explicitFileType = wrapper.cfbundle; includeInIndex = 0; path = TrackerTests.xctest; sourceTree = BUILT_PRODUCTS_DIR; };
		80F8B1AF1E02A0030046A705 /* TrackerTests.swift */ = {isa = PBXFileReference; lastKnownFileType = sourcecode.swift; path = TrackerTests.swift; sourceTree = "<group>"; };
		80F8B1B11E02A0030046A705 /* Info.plist */ = {isa = PBXFileReference; lastKnownFileType = text.plist.xml; path = Info.plist; sourceTree = "<group>"; };
		AC3E5200FA9304A4635E9D40 /* Pods_Tracker.framework */ = {isa = PBXFileReference; explicitFileType = wrapper.framework; includeInIndex = 0; path = Pods_Tracker.framework; sourceTree = BUILT_PRODUCTS_DIR; };
/* End PBXFileReference section */

/* Begin PBXFrameworksBuildPhase section */
		80F8B1941E02A0030046A705 /* Frameworks */ = {
			isa = PBXFrameworksBuildPhase;
			buildActionMask = 2147483647;
			files = (
				6A087F33DF0AB6461E6A1A5E /* Pods_Tracker.framework in Frameworks */,
			);
			runOnlyForDeploymentPostprocessing = 0;
		};
		80F8B1A81E02A0030046A705 /* Frameworks */ = {
			isa = PBXFrameworksBuildPhase;
			buildActionMask = 2147483647;
			files = (
				2985CE8433FA75A4B9AC3FC9 /* Pods_TrackerTests.framework in Frameworks */,
			);
			runOnlyForDeploymentPostprocessing = 0;
		};
/* End PBXFrameworksBuildPhase section */

/* Begin PBXGroup section */
		77AF4CE3BA5B746DB66D91D6 /* Pods */ = {
			isa = PBXGroup;
			children = (
				0AAD64F58374C5999D24860B /* Pods-Tracker.debug.xcconfig */,
				10427B0471F614AFD6F800B1 /* Pods-Tracker.release.xcconfig */,
				728C2A3E46F5B9318B0546C5 /* Pods-TrackerTests.debug.xcconfig */,
				2044F1634A3EC15F3B8BB748 /* Pods-TrackerTests.release.xcconfig */,
			);
			name = Pods;
			sourceTree = "<group>";
		};
		80F8B18E1E02A0030046A705 = {
			isa = PBXGroup;
			children = (
				80F8B1991E02A0030046A705 /* Tracker */,
				80F8B1AE1E02A0030046A705 /* TrackerTests */,
				80F8B1981E02A0030046A705 /* Products */,
				77AF4CE3BA5B746DB66D91D6 /* Pods */,
				BFC146691030ED688DF76C34 /* Frameworks */,
			);
			sourceTree = "<group>";
		};
		80F8B1981E02A0030046A705 /* Products */ = {
			isa = PBXGroup;
			children = (
				80F8B1971E02A0030046A705 /* Tracker.app */,
				80F8B1AB1E02A0030046A705 /* TrackerTests.xctest */,
			);
			name = Products;
			sourceTree = "<group>";
		};
		80F8B1991E02A0030046A705 /* Tracker */ = {
			isa = PBXGroup;
			children = (
				80F8B19A1E02A0030046A705 /* AppDelegate.swift */,
				80F8B19C1E02A0030046A705 /* ViewController.swift */,
				80F8B19E1E02A0030046A705 /* Main.storyboard */,
				80F8B1A11E02A0030046A705 /* Assets.xcassets */,
				80F8B1A31E02A0030046A705 /* LaunchScreen.storyboard */,
				80F8B1A61E02A0030046A705 /* Info.plist */,
			);
			path = Tracker;
			sourceTree = "<group>";
		};
		80F8B1AE1E02A0030046A705 /* TrackerTests */ = {
			isa = PBXGroup;
			children = (
				80F8B1AF1E02A0030046A705 /* TrackerTests.swift */,
				80F8B1B11E02A0030046A705 /* Info.plist */,
			);
			path = TrackerTests;
			sourceTree = "<group>";
		};
		BFC146691030ED688DF76C34 /* Frameworks */ = {
			isa = PBXGroup;
			children = (
				AC3E5200FA9304A4635E9D40 /* Pods_Tracker.framework */,
				1E69B58FFA4560EAA52D99D5 /* Pods_TrackerTests.framework */,
			);
			name = Frameworks;
			sourceTree = "<group>";
		};
/* End PBXGroup section */

/* Begin PBXNativeTarget section */
		80F8B1961E02A0030046A705 /* Tracker */ = {
			isa = PBXNativeTarget;
			buildConfigurationList = 80F8B1B41E02A0030046A705 /* Build configuration list for PBXNativeTarget "Tracker" */;
			buildPhases = (
				2433E12A79819F6758951AFB /* [CP] Check Pods Manifest.lock */,
				80F8B1931E02A0030046A705 /* Sources */,
				80F8B1941E02A0030046A705 /* Frameworks */,
				80F8B1951E02A0030046A705 /* Resources */,
				74198AD06485749FE0F6DEA6 /* [CP] Embed Pods Frameworks */,
				BD8327FBDC87108814FED213 /* [CP] Copy Pods Resources */,
			);
			buildRules = (
			);
			dependencies = (
			);
			name = Tracker;
			productName = Tracker;
			productReference = 80F8B1971E02A0030046A705 /* Tracker.app */;
			productType = "com.apple.product-type.application";
		};
		80F8B1AA1E02A0030046A705 /* TrackerTests */ = {
			isa = PBXNativeTarget;
			buildConfigurationList = 80F8B1B71E02A0030046A705 /* Build configuration list for PBXNativeTarget "TrackerTests" */;
			buildPhases = (
				746CC90B39E2229EF65B5DF3 /* [CP] Check Pods Manifest.lock */,
				80F8B1A71E02A0030046A705 /* Sources */,
				80F8B1A81E02A0030046A705 /* Frameworks */,
				80F8B1A91E02A0030046A705 /* Resources */,
				BE465F160B9DC38A1D183856 /* [CP] Embed Pods Frameworks */,
				5BBC4B340C4739EA3014358F /* [CP] Copy Pods Resources */,
			);
			buildRules = (
			);
			dependencies = (
				80F8B1AD1E02A0030046A705 /* PBXTargetDependency */,
			);
			name = TrackerTests;
			productName = TrackerTests;
			productReference = 80F8B1AB1E02A0030046A705 /* TrackerTests.xctest */;
			productType = "com.apple.product-type.bundle.unit-test";
		};
/* End PBXNativeTarget section */

/* Begin PBXProject section */
		80F8B18F1E02A0030046A705 /* Project object */ = {
			isa = PBXProject;
			attributes = {
				LastSwiftUpdateCheck = 0810;
				LastUpgradeCheck = 0810;
				ORGANIZATIONNAME = "Marc Dermejian";
				TargetAttributes = {
					80F8B1961E02A0030046A705 = {
						CreatedOnToolsVersion = 8.1;
						DevelopmentTeam = 9S848SD496;
						LastSwiftMigration = 0810;
						ProvisioningStyle = Automatic;
					};
					80F8B1AA1E02A0030046A705 = {
						CreatedOnToolsVersion = 8.1;
						DevelopmentTeam = 9S848SD496;
						LastSwiftMigration = 0810;
						ProvisioningStyle = Automatic;
						TestTargetID = 80F8B1961E02A0030046A705;
					};
				};
			};
			buildConfigurationList = 80F8B1921E02A0030046A705 /* Build configuration list for PBXProject "Tracker" */;
			compatibilityVersion = "Xcode 3.2";
			developmentRegion = English;
			hasScannedForEncodings = 0;
			knownRegions = (
				en,
				Base,
			);
			mainGroup = 80F8B18E1E02A0030046A705;
			productRefGroup = 80F8B1981E02A0030046A705 /* Products */;
			projectDirPath = "";
			projectRoot = "";
			targets = (
				80F8B1961E02A0030046A705 /* Tracker */,
				80F8B1AA1E02A0030046A705 /* TrackerTests */,
			);
		};
/* End PBXProject section */

/* Begin PBXResourcesBuildPhase section */
		80F8B1951E02A0030046A705 /* Resources */ = {
			isa = PBXResourcesBuildPhase;
			buildActionMask = 2147483647;
			files = (
				80F8B1A51E02A0030046A705 /* LaunchScreen.storyboard in Resources */,
				80F8B1A21E02A0030046A705 /* Assets.xcassets in Resources */,
				80F8B1A01E02A0030046A705 /* Main.storyboard in Resources */,
			);
			runOnlyForDeploymentPostprocessing = 0;
		};
		80F8B1A91E02A0030046A705 /* Resources */ = {
			isa = PBXResourcesBuildPhase;
			buildActionMask = 2147483647;
			files = (
			);
			runOnlyForDeploymentPostprocessing = 0;
		};
/* End PBXResourcesBuildPhase section */

/* Begin PBXShellScriptBuildPhase section */
		2433E12A79819F6758951AFB /* [CP] Check Pods Manifest.lock */ = {
			isa = PBXShellScriptBuildPhase;
			buildActionMask = 2147483647;
			files = (
			);
			inputPaths = (
			);
			name = "[CP] Check Pods Manifest.lock";
			outputPaths = (
			);
			runOnlyForDeploymentPostprocessing = 0;
			shellPath = /bin/sh;
			shellScript = "diff \"${PODS_ROOT}/../Podfile.lock\" \"${PODS_ROOT}/Manifest.lock\" > /dev/null\nif [[ $? != 0 ]] ; then\n    cat << EOM\nerror: The sandbox is not in sync with the Podfile.lock. Run 'pod install' or update your CocoaPods installation.\nEOM\n    exit 1\nfi\n";
			showEnvVarsInLog = 0;
		};
		5BBC4B340C4739EA3014358F /* [CP] Copy Pods Resources */ = {
			isa = PBXShellScriptBuildPhase;
			buildActionMask = 2147483647;
			files = (
			);
			inputPaths = (
			);
			name = "[CP] Copy Pods Resources";
			outputPaths = (
			);
			runOnlyForDeploymentPostprocessing = 0;
			shellPath = /bin/sh;
			shellScript = "\"${SRCROOT}/Pods/Target Support Files/Pods-TrackerTests/Pods-TrackerTests-resources.sh\"\n";
			showEnvVarsInLog = 0;
		};
		74198AD06485749FE0F6DEA6 /* [CP] Embed Pods Frameworks */ = {
			isa = PBXShellScriptBuildPhase;
			buildActionMask = 2147483647;
			files = (
			);
			inputPaths = (
			);
			name = "[CP] Embed Pods Frameworks";
			outputPaths = (
			);
			runOnlyForDeploymentPostprocessing = 0;
			shellPath = /bin/sh;
			shellScript = "\"${SRCROOT}/Pods/Target Support Files/Pods-Tracker/Pods-Tracker-frameworks.sh\"\n";
			showEnvVarsInLog = 0;
		};
		746CC90B39E2229EF65B5DF3 /* [CP] Check Pods Manifest.lock */ = {
			isa = PBXShellScriptBuildPhase;
			buildActionMask = 2147483647;
			files = (
			);
			inputPaths = (
			);
			name = "[CP] Check Pods Manifest.lock";
			outputPaths = (
			);
			runOnlyForDeploymentPostprocessing = 0;
			shellPath = /bin/sh;
			shellScript = "diff \"${PODS_ROOT}/../Podfile.lock\" \"${PODS_ROOT}/Manifest.lock\" > /dev/null\nif [[ $? != 0 ]] ; then\n    cat << EOM\nerror: The sandbox is not in sync with the Podfile.lock. Run 'pod install' or update your CocoaPods installation.\nEOM\n    exit 1\nfi\n";
			showEnvVarsInLog = 0;
		};
		BD8327FBDC87108814FED213 /* [CP] Copy Pods Resources */ = {
			isa = PBXShellScriptBuildPhase;
			buildActionMask = 2147483647;
			files = (
			);
			inputPaths = (
			);
			name = "[CP] Copy Pods Resources";
			outputPaths = (
			);
			runOnlyForDeploymentPostprocessing = 0;
			shellPath = /bin/sh;
			shellScript = "\"${SRCROOT}/Pods/Target Support Files/Pods-Tracker/Pods-Tracker-resources.sh\"\n";
			showEnvVarsInLog = 0;
		};
		BE465F160B9DC38A1D183856 /* [CP] Embed Pods Frameworks */ = {
			isa = PBXShellScriptBuildPhase;
			buildActionMask = 2147483647;
			files = (
			);
			inputPaths = (
			);
			name = "[CP] Embed Pods Frameworks";
			outputPaths = (
			);
			runOnlyForDeploymentPostprocessing = 0;
			shellPath = /bin/sh;
			shellScript = "\"${SRCROOT}/Pods/Target Support Files/Pods-TrackerTests/Pods-TrackerTests-frameworks.sh\"\n";
			showEnvVarsInLog = 0;
		};
/* End PBXShellScriptBuildPhase section */

/* Begin PBXSourcesBuildPhase section */
		80F8B1931E02A0030046A705 /* Sources */ = {
			isa = PBXSourcesBuildPhase;
			buildActionMask = 2147483647;
			files = (
				80F8B19D1E02A0030046A705 /* ViewController.swift in Sources */,
				80F8B19B1E02A0030046A705 /* AppDelegate.swift in Sources */,
			);
			runOnlyForDeploymentPostprocessing = 0;
		};
		80F8B1A71E02A0030046A705 /* Sources */ = {
			isa = PBXSourcesBuildPhase;
			buildActionMask = 2147483647;
			files = (
				80F8B1B01E02A0030046A705 /* TrackerTests.swift in Sources */,
			);
			runOnlyForDeploymentPostprocessing = 0;
		};
/* End PBXSourcesBuildPhase section */

/* Begin PBXTargetDependency section */
		80F8B1AD1E02A0030046A705 /* PBXTargetDependency */ = {
			isa = PBXTargetDependency;
			target = 80F8B1961E02A0030046A705 /* Tracker */;
			targetProxy = 80F8B1AC1E02A0030046A705 /* PBXContainerItemProxy */;
		};
/* End PBXTargetDependency section */

/* Begin PBXVariantGroup section */
		80F8B19E1E02A0030046A705 /* Main.storyboard */ = {
			isa = PBXVariantGroup;
			children = (
				80F8B19F1E02A0030046A705 /* Base */,
			);
			name = Main.storyboard;
			sourceTree = "<group>";
		};
		80F8B1A31E02A0030046A705 /* LaunchScreen.storyboard */ = {
			isa = PBXVariantGroup;
			children = (
				80F8B1A41E02A0030046A705 /* Base */,
			);
			name = LaunchScreen.storyboard;
			sourceTree = "<group>";
		};
/* End PBXVariantGroup section */

/* Begin XCBuildConfiguration section */
		80F8B1B21E02A0030046A705 /* Debug */ = {
			isa = XCBuildConfiguration;
			buildSettings = {
				ALWAYS_SEARCH_USER_PATHS = NO;
				CLANG_ANALYZER_NONNULL = YES;
				CLANG_CXX_LANGUAGE_STANDARD = "gnu++0x";
				CLANG_CXX_LIBRARY = "libc++";
				CLANG_ENABLE_MODULES = YES;
				CLANG_ENABLE_OBJC_ARC = YES;
				CLANG_WARN_BOOL_CONVERSION = YES;
				CLANG_WARN_CONSTANT_CONVERSION = YES;
				CLANG_WARN_DIRECT_OBJC_ISA_USAGE = YES_ERROR;
				CLANG_WARN_DOCUMENTATION_COMMENTS = YES;
				CLANG_WARN_EMPTY_BODY = YES;
				CLANG_WARN_ENUM_CONVERSION = YES;
				CLANG_WARN_INFINITE_RECURSION = YES;
				CLANG_WARN_INT_CONVERSION = YES;
				CLANG_WARN_OBJC_ROOT_CLASS = YES_ERROR;
				CLANG_WARN_SUSPICIOUS_MOVE = YES;
				CLANG_WARN_SUSPICIOUS_MOVES = YES;
				CLANG_WARN_UNREACHABLE_CODE = YES;
				CLANG_WARN__DUPLICATE_METHOD_MATCH = YES;
				"CODE_SIGN_IDENTITY[sdk=iphoneos*]" = "iPhone Developer";
				COPY_PHASE_STRIP = NO;
				DEBUG_INFORMATION_FORMAT = dwarf;
				ENABLE_STRICT_OBJC_MSGSEND = YES;
				ENABLE_TESTABILITY = YES;
				GCC_C_LANGUAGE_STANDARD = gnu99;
				GCC_DYNAMIC_NO_PIC = NO;
				GCC_NO_COMMON_BLOCKS = YES;
				GCC_OPTIMIZATION_LEVEL = 0;
				GCC_PREPROCESSOR_DEFINITIONS = (
					"DEBUG=1",
					"$(inherited)",
				);
				GCC_WARN_64_TO_32_BIT_CONVERSION = YES;
				GCC_WARN_ABOUT_RETURN_TYPE = YES_ERROR;
				GCC_WARN_UNDECLARED_SELECTOR = YES;
				GCC_WARN_UNINITIALIZED_AUTOS = YES_AGGRESSIVE;
				GCC_WARN_UNUSED_FUNCTION = YES;
				GCC_WARN_UNUSED_VARIABLE = YES;
				IPHONEOS_DEPLOYMENT_TARGET = 8.0;
				MTL_ENABLE_DEBUG_INFO = YES;
				ONLY_ACTIVE_ARCH = YES;
				SDKROOT = iphoneos;
				SWIFT_ACTIVE_COMPILATION_CONDITIONS = DEBUG;
				SWIFT_OPTIMIZATION_LEVEL = "-Onone";
			};
			name = Debug;
		};
		80F8B1B31E02A0030046A705 /* Release */ = {
			isa = XCBuildConfiguration;
			buildSettings = {
				ALWAYS_SEARCH_USER_PATHS = NO;
				CLANG_ANALYZER_NONNULL = YES;
				CLANG_CXX_LANGUAGE_STANDARD = "gnu++0x";
				CLANG_CXX_LIBRARY = "libc++";
				CLANG_ENABLE_MODULES = YES;
				CLANG_ENABLE_OBJC_ARC = YES;
				CLANG_WARN_BOOL_CONVERSION = YES;
				CLANG_WARN_CONSTANT_CONVERSION = YES;
				CLANG_WARN_DIRECT_OBJC_ISA_USAGE = YES_ERROR;
				CLANG_WARN_DOCUMENTATION_COMMENTS = YES;
				CLANG_WARN_EMPTY_BODY = YES;
				CLANG_WARN_ENUM_CONVERSION = YES;
				CLANG_WARN_INFINITE_RECURSION = YES;
				CLANG_WARN_INT_CONVERSION = YES;
				CLANG_WARN_OBJC_ROOT_CLASS = YES_ERROR;
				CLANG_WARN_SUSPICIOUS_MOVE = YES;
				CLANG_WARN_SUSPICIOUS_MOVES = YES;
				CLANG_WARN_UNREACHABLE_CODE = YES;
				CLANG_WARN__DUPLICATE_METHOD_MATCH = YES;
				"CODE_SIGN_IDENTITY[sdk=iphoneos*]" = "iPhone Developer";
				COPY_PHASE_STRIP = NO;
				DEBUG_INFORMATION_FORMAT = "dwarf-with-dsym";
				ENABLE_NS_ASSERTIONS = NO;
				ENABLE_STRICT_OBJC_MSGSEND = YES;
				GCC_C_LANGUAGE_STANDARD = gnu99;
				GCC_NO_COMMON_BLOCKS = YES;
				GCC_WARN_64_TO_32_BIT_CONVERSION = YES;
				GCC_WARN_ABOUT_RETURN_TYPE = YES_ERROR;
				GCC_WARN_UNDECLARED_SELECTOR = YES;
				GCC_WARN_UNINITIALIZED_AUTOS = YES_AGGRESSIVE;
				GCC_WARN_UNUSED_FUNCTION = YES;
				GCC_WARN_UNUSED_VARIABLE = YES;
				IPHONEOS_DEPLOYMENT_TARGET = 8.0;
				MTL_ENABLE_DEBUG_INFO = NO;
				SDKROOT = iphoneos;
				SWIFT_OPTIMIZATION_LEVEL = "-Owholemodule";
				VALIDATE_PRODUCT = YES;
			};
			name = Release;
		};
		80F8B1B51E02A0030046A705 /* Debug */ = {
			isa = XCBuildConfiguration;
			baseConfigurationReference = 0AAD64F58374C5999D24860B /* Pods-Tracker.debug.xcconfig */;
			buildSettings = {
				ALWAYS_EMBED_SWIFT_STANDARD_LIBRARIES = YES;
				ASSETCATALOG_COMPILER_APPICON_NAME = AppIcon;
				DEVELOPMENT_TEAM = 9S848SD496;
				INFOPLIST_FILE = Tracker/Info.plist;
				LD_RUNPATH_SEARCH_PATHS = "$(inherited) @executable_path/Frameworks";
				PRODUCT_BUNDLE_IDENTIFIER = com.jnj.Tracker;
				PRODUCT_NAME = "$(TARGET_NAME)";
				SWIFT_VERSION = 3.0;
			};
			name = Debug;
		};
		80F8B1B61E02A0030046A705 /* Release */ = {
			isa = XCBuildConfiguration;
			baseConfigurationReference = 10427B0471F614AFD6F800B1 /* Pods-Tracker.release.xcconfig */;
			buildSettings = {
				ALWAYS_EMBED_SWIFT_STANDARD_LIBRARIES = YES;
				ASSETCATALOG_COMPILER_APPICON_NAME = AppIcon;
				DEVELOPMENT_TEAM = 9S848SD496;
				INFOPLIST_FILE = Tracker/Info.plist;
				LD_RUNPATH_SEARCH_PATHS = "$(inherited) @executable_path/Frameworks";
				PRODUCT_BUNDLE_IDENTIFIER = com.jnj.Tracker;
				PRODUCT_NAME = "$(TARGET_NAME)";
				SWIFT_VERSION = 3.0;
			};
			name = Release;
		};
		80F8B1B81E02A0030046A705 /* Debug */ = {
			isa = XCBuildConfiguration;
			baseConfigurationReference = 728C2A3E46F5B9318B0546C5 /* Pods-TrackerTests.debug.xcconfig */;
			buildSettings = {
				ALWAYS_EMBED_SWIFT_STANDARD_LIBRARIES = YES;
				BUNDLE_LOADER = "$(TEST_HOST)";
				DEVELOPMENT_TEAM = 9S848SD496;
				INFOPLIST_FILE = TrackerTests/Info.plist;
				LD_RUNPATH_SEARCH_PATHS = "$(inherited) @executable_path/Frameworks @loader_path/Frameworks";
				PRODUCT_BUNDLE_IDENTIFIER = com.jnj.TrackerTests;
				PRODUCT_NAME = "$(TARGET_NAME)";
				SWIFT_VERSION = 3.0;
				TEST_HOST = "$(BUILT_PRODUCTS_DIR)/Tracker.app/Tracker";
			};
			name = Debug;
		};
		80F8B1B91E02A0030046A705 /* Release */ = {
			isa = XCBuildConfiguration;
			baseConfigurationReference = 2044F1634A3EC15F3B8BB748 /* Pods-TrackerTests.release.xcconfig */;
			buildSettings = {
				ALWAYS_EMBED_SWIFT_STANDARD_LIBRARIES = YES;
				BUNDLE_LOADER = "$(TEST_HOST)";
				DEVELOPMENT_TEAM = 9S848SD496;
				INFOPLIST_FILE = TrackerTests/Info.plist;
				LD_RUNPATH_SEARCH_PATHS = "$(inherited) @executable_path/Frameworks @loader_path/Frameworks";
				PRODUCT_BUNDLE_IDENTIFIER = com.jnj.TrackerTests;
				PRODUCT_NAME = "$(TARGET_NAME)";
				SWIFT_VERSION = 3.0;
				TEST_HOST = "$(BUILT_PRODUCTS_DIR)/Tracker.app/Tracker";
			};
			name = Release;
		};
/* End XCBuildConfiguration section */

/* Begin XCConfigurationList section */
		80F8B1921E02A0030046A705 /* Build configuration list for PBXProject "Tracker" */ = {
			isa = XCConfigurationList;
			buildConfigurations = (
				80F8B1B21E02A0030046A705 /* Debug */,
				80F8B1B31E02A0030046A705 /* Release */,
			);
			defaultConfigurationIsVisible = 0;
			defaultConfigurationName = Release;
		};
		80F8B1B41E02A0030046A705 /* Build configuration list for PBXNativeTarget "Tracker" */ = {
			isa = XCConfigurationList;
			buildConfigurations = (
				80F8B1B51E02A0030046A705 /* Debug */,
				80F8B1B61E02A0030046A705 /* Release */,
			);
			defaultConfigurationIsVisible = 0;
			defaultConfigurationName = Release;
		};
		80F8B1B71E02A0030046A705 /* Build configuration list for PBXNativeTarget "TrackerTests" */ = {
			isa = XCConfigurationList;
			buildConfigurations = (
				80F8B1B81E02A0030046A705 /* Debug */,
				80F8B1B91E02A0030046A705 /* Release */,
			);
			defaultConfigurationIsVisible = 0;
			defaultConfigurationName = Release;
		};
/* End XCConfigurationList section */
	};
	rootObject = 80F8B18F1E02A0030046A705 /* Project object */;
}
